
Microsoft Visual Studio Solution File, Format Version 12.00
# Visual Studio Version 17
VisualStudioVersion = 17.6.33815.320
MinimumVisualStudioVersion = 10.0.40219.1
Project("{FAE04EC0-301F-11D3-BF4B-00C04F79EFBC}") = "Quanlynhansu", "Quanlynhansu\Quanlynhansu.csproj", "{F01C9F8A-810D-47A0-A11E-834C56F1CA4A}"
EndProject
Project("{FAE04EC0-301F-11D3-BF4B-00C04F79EFBC}") = "K15DCPM04-NguyenThanhNhan-210410012", "..\K15DCPM04-NguyenThanhNhan-210410012\K15DCPM04-NguyenThanhNhan-210410012.csproj", "{A3AF476B-F7A8-47B8-99A1-8B0EE57F7D03}"
EndProject
Global
	GlobalSection(SolutionConfigurationPlatforms) = preSolution
		Debug|Any CPU = Debug|Any CPU
		Release|Any CPU = Release|Any CPU
	EndGlobalSection
	GlobalSection(ProjectConfigurationPlatforms) = postSolution
		{F01C9F8A-810D-47A0-A11E-834C56F1CA4A}.Debug|Any CPU.ActiveCfg = Debug|Any CPU
		{F01C9F8A-810D-47A0-A11E-834C56F1CA4A}.Debug|Any CPU.Build.0 = Debug|Any CPU
		{F01C9F8A-810D-47A0-A11E-834C56F1CA4A}.Release|Any CPU.ActiveCfg = Release|Any CPU
		{F01C9F8A-810D-47A0-A11E-834C56F1CA4A}.Release|Any CPU.Build.0 = Release|Any CPU
		{A3AF476B-F7A8-47B8-99A1-8B0EE57F7D03}.Debug|Any CPU.ActiveCfg = Debug|Any CPU
		{A3AF476B-F7A8-47B8-99A1-8B0EE57F7D03}.Debug|Any CPU.Build.0 = Debug|Any CPU
		{A3AF476B-F7A8-47B8-99A1-8B0EE57F7D03}.Release|Any CPU.ActiveCfg = Release|Any CPU
		{A3AF476B-F7A8-47B8-99A1-8B0EE57F7D03}.Release|Any CPU.Build.0 = Release|Any CPU
	EndGlobalSection
	GlobalSection(SolutionProperties) = preSolution
		HideSolutionNode = FALSE
	EndGlobalSection
	GlobalSection(ExtensibilityGlobals) = postSolution
		SolutionGuid = {7E1BAA8B-232B-4612-973E-75CE54F8E9D9}
	EndGlobalSection
EndGlobal
